
Microsoft Visual Studio Solution File, Format Version 12.00
# Visual Studio Version 16
VisualStudioVersion = 16.0.30309.148
MinimumVisualStudioVersion = 10.0.40219.1
Project("{2150E333-8FDC-42A3-9474-1A3956D46DE8}") = "Tests", "Tests", "{133D1ED1-5657-4689-82E9-B6C170550B3E}"
EndProject
Project("{FAE04EC0-301F-11D3-BF4B-00C04F79EFBC}") = "Expressions.Unit.Tests", "Expressions.Unit.Tests\Expressions.Unit.Tests.csproj", "{21F22E91-B364-48F0-8F3A-B1D167055070}"
EndProject
Project("{FAE04EC0-301F-11D3-BF4B-00C04F79EFBC}") = "Filtering.Unit.Tests", "Filtering.Unit.Tests\Filtering.Unit.Tests.csproj", "{18074818-B6A3-4B6F-A9E2-08F8B8890295}"
EndProject
Project("{9A19103F-16F7-4668-BE54-9A1E7A4F7556}") = "Filtering", "Filtering\Filtering.csproj", "{AAC827C0-6457-47A6-8789-2343C74CD4BD}"
EndProject
Project("{9A19103F-16F7-4668-BE54-9A1E7A4F7556}") = "Expressions", "Expressions\Expressions.csproj", "{47A7EAD8-F482-4454-9706-ACF1A6332AB3}"
EndProject
Global
	GlobalSection(SolutionConfigurationPlatforms) = preSolution
		Debug|Any CPU = Debug|Any CPU
		Release|Any CPU = Release|Any CPU
	EndGlobalSection
	GlobalSection(ProjectConfigurationPlatforms) = postSolution
		{21F22E91-B364-48F0-8F3A-B1D167055070}.Debug|Any CPU.ActiveCfg = Debug|Any CPU
		{21F22E91-B364-48F0-8F3A-B1D167055070}.Debug|Any CPU.Build.0 = Debug|Any CPU
		{21F22E91-B364-48F0-8F3A-B1D167055070}.Release|Any CPU.ActiveCfg = Release|Any CPU
		{21F22E91-B364-48F0-8F3A-B1D167055070}.Release|Any CPU.Build.0 = Release|Any CPU
		{18074818-B6A3-4B6F-A9E2-08F8B8890295}.Debug|Any CPU.ActiveCfg = Debug|Any CPU
		{18074818-B6A3-4B6F-A9E2-08F8B8890295}.Debug|Any CPU.Build.0 = Debug|Any CPU
		{18074818-B6A3-4B6F-A9E2-08F8B8890295}.Release|Any CPU.ActiveCfg = Release|Any CPU
		{18074818-B6A3-4B6F-A9E2-08F8B8890295}.Release|Any CPU.Build.0 = Release|Any CPU
		{AAC827C0-6457-47A6-8789-2343C74CD4BD}.Debug|Any CPU.ActiveCfg = Debug|Any CPU
		{AAC827C0-6457-47A6-8789-2343C74CD4BD}.Debug|Any CPU.Build.0 = Debug|Any CPU
		{AAC827C0-6457-47A6-8789-2343C74CD4BD}.Release|Any CPU.ActiveCfg = Release|Any CPU
		{AAC827C0-6457-47A6-8789-2343C74CD4BD}.Release|Any CPU.Build.0 = Release|Any CPU
		{47A7EAD8-F482-4454-9706-ACF1A6332AB3}.Debug|Any CPU.ActiveCfg = Debug|Any CPU
		{47A7EAD8-F482-4454-9706-ACF1A6332AB3}.Debug|Any CPU.Build.0 = Debug|Any CPU
		{47A7EAD8-F482-4454-9706-ACF1A6332AB3}.Release|Any CPU.ActiveCfg = Release|Any CPU
		{47A7EAD8-F482-4454-9706-ACF1A6332AB3}.Release|Any CPU.Build.0 = Release|Any CPU
	EndGlobalSection
	GlobalSection(SolutionProperties) = preSolution
		HideSolutionNode = FALSE
	EndGlobalSection
	GlobalSection(NestedProjects) = preSolution
		{21F22E91-B364-48F0-8F3A-B1D167055070} = {133D1ED1-5657-4689-82E9-B6C170550B3E}
		{18074818-B6A3-4B6F-A9E2-08F8B8890295} = {133D1ED1-5657-4689-82E9-B6C170550B3E}
	EndGlobalSection
	GlobalSection(ExtensibilityGlobals) = postSolution
		SolutionGuid = {D2FFBA4E-0798-491C-A904-0E524E202C04}
	EndGlobalSection
EndGlobal
